
Microsoft Visual Studio Solution File, Format Version 12.00
# Visual Studio 15
VisualStudioVersion = 15.0.28010.2046
MinimumVisualStudioVersion = 10.0.40219.1
Project("{00D1A9C2-B5F0-4AF3-8072-F6C62B433612}") = "ContosoUniversityData", "ContosoUniversityData\ContosoUniversityData.sqlproj", "{3C8C37AF-24F5-45CE-80E8-8DE42EF3197D}"
EndProject
Global
	GlobalSection(SolutionConfigurationPlatforms) = preSolution
		Debug|Any CPU = Debug|Any CPU
		Release|Any CPU = Release|Any CPU
	EndGlobalSection
	GlobalSection(ProjectConfigurationPlatforms) = postSolution
		{3C8C37AF-24F5-45CE-80E8-8DE42EF3197D}.Debug|Any CPU.ActiveCfg = Debug|Any CPU
		{3C8C37AF-24F5-45CE-80E8-8DE42EF3197D}.Debug|Any CPU.Build.0 = Debug|Any CPU
		{3C8C37AF-24F5-45CE-80E8-8DE42EF3197D}.Debug|Any CPU.Deploy.0 = Debug|Any CPU
		{3C8C37AF-24F5-45CE-80E8-8DE42EF3197D}.Release|Any CPU.ActiveCfg = Release|Any CPU
		{3C8C37AF-24F5-45CE-80E8-8DE42EF3197D}.Release|Any CPU.Build.0 = Release|Any CPU
		{3C8C37AF-24F5-45CE-80E8-8DE42EF3197D}.Release|Any CPU.Deploy.0 = Release|Any CPU
	EndGlobalSection
	GlobalSection(SolutionProperties) = preSolution
		HideSolutionNode = FALSE
	EndGlobalSection
	GlobalSection(ExtensibilityGlobals) = postSolution
		SolutionGuid = {199A539D-D629-4DF2-A8D1-EFFF2AFDCC65}
	EndGlobalSection
EndGlobal
